# THIS IS AN AUTOGENERATED FILE. DO NOT EDIT THIS FILE DIRECTLY.
# yarn lockfile v1


"@vuepress/plugin-back-to-top@^1.4.0":
  version "1.4.0"
  resolved "https://registry.npm.taobao.org/@vuepress/plugin-back-to-top/download/@vuepress/plugin-back-to-top-1.4.0.tgz#baca4daf8de469544956bb21903dbeba691d40e4"
  dependencies:
    lodash.debounce "^4.0.8"

lodash.debounce@^4.0.8:
  version "4.0.8"
  resolved "https://registry.npm.taobao.org/lodash.debounce/download/lodash.debounce-4.0.8.tgz#82d79bff30a67c4005ffd5e2515300ad9ca4d7af"
